// !$*UTF8*$!
{
	archiveVersion = 1;
	classes = {
	};
	objectVersion = 46;
	objects = {

/* Begin PBXBuildFile section */
		4FC782E81E64486000064B12 /* main.m in Sources */ = {isa = PBXBuildFile; fileRef = 4FC782E71E64486000064B12 /* main.m */; };
		4FC782EB1E64486000064B12 /* AppDelegate.m in Sources */ = {isa = PBXBuildFile; fileRef = 4FC782EA1E64486000064B12 /* AppDelegate.m */; };
		4FC783091E645F2300064B12 /* Chat.xcassets in Resources */ = {isa = PBXBuildFile; fileRef = 4FC783021E645F2300064B12 /* Chat.xcassets */; };
		4FC7830A1E645F2300064B12 /* Common.xcassets in Resources */ = {isa = PBXBuildFile; fileRef = 4FC783031E645F2300064B12 /* Common.xcassets */; };
		4FC7830B1E645F2300064B12 /* Conversation.xcassets in Resources */ = {isa = PBXBuildFile; fileRef = 4FC783041E645F2300064B12 /* Conversation.xcassets */; };
		4FC7830C1E645F2300064B12 /* Discover.xcassets in Resources */ = {isa = PBXBuildFile; fileRef = 4FC783051E645F2300064B12 /* Discover.xcassets */; };
		4FC7830D1E645F2300064B12 /* Friends.xcassets in Resources */ = {isa = PBXBuildFile; fileRef = 4FC783061E645F2300064B12 /* Friends.xcassets */; };
		4FC7830E1E645F2300064B12 /* Launch.xcassets in Resources */ = {isa = PBXBuildFile; fileRef = 4FC783071E645F2300064B12 /* Launch.xcassets */; };
		4FC7830F1E645F2300064B12 /* Mine.xcassets in Resources */ = {isa = PBXBuildFile; fileRef = 4FC783081E645F2300064B12 /* Mine.xcassets */; };
		4FC783151E64644A00064B12 /* YQTabBarController.m in Sources */ = {isa = PBXBuildFile; fileRef = 4FC783141E64644A00064B12 /* YQTabBarController.m */; };
		4FC783191E6464E400064B12 /* UIColor+YQWechat.m in Sources */ = {isa = PBXBuildFile; fileRef = 4FC783181E6464E400064B12 /* UIColor+YQWechat.m */; };
		4FC7831F1E64675C00064B12 /* YQRootViewController.m in Sources */ = {isa = PBXBuildFile; fileRef = 4FC7831E1E64675C00064B12 /* YQRootViewController.m */; };
/* End PBXBuildFile section */

/* Begin PBXFileReference section */
		4FC782E31E64486000064B12 /* YQWechat.app */ = {isa = PBXFileReference; explicitFileType = wrapper.application; includeInIndex = 0; path = YQWechat.app; sourceTree = BUILT_PRODUCTS_DIR; };
		4FC782E71E64486000064B12 /* main.m */ = {isa = PBXFileReference; lastKnownFileType = sourcecode.c.objc; path = main.m; sourceTree = "<group>"; };
		4FC782E91E64486000064B12 /* AppDelegate.h */ = {isa = PBXFileReference; lastKnownFileType = sourcecode.c.h; path = AppDelegate.h; sourceTree = "<group>"; };
		4FC782EA1E64486000064B12 /* AppDelegate.m */ = {isa = PBXFileReference; lastKnownFileType = sourcecode.c.objc; path = AppDelegate.m; sourceTree = "<group>"; };
		4FC782F71E64486000064B12 /* Info.plist */ = {isa = PBXFileReference; lastKnownFileType = text.plist.xml; path = Info.plist; sourceTree = "<group>"; };
		4FC783021E645F2300064B12 /* Chat.xcassets */ = {isa = PBXFileReference; lastKnownFileType = folder.assetcatalog; path = Chat.xcassets; sourceTree = "<group>"; };
		4FC783031E645F2300064B12 /* Common.xcassets */ = {isa = PBXFileReference; lastKnownFileType = folder.assetcatalog; path = Common.xcassets; sourceTree = "<group>"; };
		4FC783041E645F2300064B12 /* Conversation.xcassets */ = {isa = PBXFileReference; lastKnownFileType = folder.assetcatalog; path = Conversation.xcassets; sourceTree = "<group>"; };
		4FC783051E645F2300064B12 /* Discover.xcassets */ = {isa = PBXFileReference; lastKnownFileType = folder.assetcatalog; path = Discover.xcassets; sourceTree = "<group>"; };
		4FC783061E645F2300064B12 /* Friends.xcassets */ = {isa = PBXFileReference; lastKnownFileType = folder.assetcatalog; path = Friends.xcassets; sourceTree = "<group>"; };
		4FC783071E645F2300064B12 /* Launch.xcassets */ = {isa = PBXFileReference; lastKnownFileType = folder.assetcatalog; path = Launch.xcassets; sourceTree = "<group>"; };
		4FC783081E645F2300064B12 /* Mine.xcassets */ = {isa = PBXFileReference; lastKnownFileType = folder.assetcatalog; path = Mine.xcassets; sourceTree = "<group>"; };
		4FC783131E64644A00064B12 /* YQTabBarController.h */ = {isa = PBXFileReference; fileEncoding = 4; lastKnownFileType = sourcecode.c.h; path = YQTabBarController.h; sourceTree = "<group>"; };
		4FC783141E64644A00064B12 /* YQTabBarController.m */ = {isa = PBXFileReference; fileEncoding = 4; lastKnownFileType = sourcecode.c.objc; path = YQTabBarController.m; sourceTree = "<group>"; };
		4FC783171E6464E400064B12 /* UIColor+YQWechat.h */ = {isa = PBXFileReference; fileEncoding = 4; lastKnownFileType = sourcecode.c.h; path = "UIColor+YQWechat.h"; sourceTree = "<group>"; };
		4FC783181E6464E400064B12 /* UIColor+YQWechat.m */ = {isa = PBXFileReference; fileEncoding = 4; lastKnownFileType = sourcecode.c.objc; path = "UIColor+YQWechat.m"; sourceTree = "<group>"; };
		4FC7831B1E64658F00064B12 /* YQMacros.h */ = {isa = PBXFileReference; lastKnownFileType = sourcecode.c.h; path = YQMacros.h; sourceTree = "<group>"; };
		4FC7831C1E64660400064B12 /* PrefixHeader.pch */ = {isa = PBXFileReference; lastKnownFileType = sourcecode.c.h; path = PrefixHeader.pch; sourceTree = "<group>"; };
		4FC7831D1E64675C00064B12 /* YQRootViewController.h */ = {isa = PBXFileReference; fileEncoding = 4; lastKnownFileType = sourcecode.c.h; path = YQRootViewController.h; sourceTree = "<group>"; };
		4FC7831E1E64675C00064B12 /* YQRootViewController.m */ = {isa = PBXFileReference; fileEncoding = 4; lastKnownFileType = sourcecode.c.objc; path = YQRootViewController.m; sourceTree = "<group>"; };
/* End PBXFileReference section */

/* Begin PBXFrameworksBuildPhase section */
		4FC782E01E64486000064B12 /* Frameworks */ = {
			isa = PBXFrameworksBuildPhase;
			buildActionMask = 2147483647;
			files = (
			);
			runOnlyForDeploymentPostprocessing = 0;
		};
/* End PBXFrameworksBuildPhase section */

/* Begin PBXGroup section */
		4FC782DA1E64486000064B12 = {
			isa = PBXGroup;
			children = (
				4FC782E51E64486000064B12 /* YQWechat */,
				4FC782E41E64486000064B12 /* Products */,
			);
			sourceTree = "<group>";
		};
		4FC782E41E64486000064B12 /* Products */ = {
			isa = PBXGroup;
			children = (
				4FC782E31E64486000064B12 /* YQWechat.app */,
			);
			name = Products;
			sourceTree = "<group>";
		};
		4FC782E51E64486000064B12 /* YQWechat */ = {
			isa = PBXGroup;
			children = (
				4FC782E91E64486000064B12 /* AppDelegate.h */,
				4FC782EA1E64486000064B12 /* AppDelegate.m */,
				4FC7831A1E64657B00064B12 /* Config */,
				4FC783161E6464B900064B12 /* Utilities */,
				4FC783121E64641300064B12 /* Src */,
				4FC783221E650E7700064B12 /* Frameworks */,
				4FC782E61E64486000064B12 /* Supporting Files */,
				4FC783011E645F0A00064B12 /* Resources */,
				4FC782F71E64486000064B12 /* Info.plist */,
			);
			path = YQWechat;
			sourceTree = "<group>";
		};
		4FC782E61E64486000064B12 /* Supporting Files */ = {
			isa = PBXGroup;
			children = (
				4FC782E71E64486000064B12 /* main.m */,
				4FC7831C1E64660400064B12 /* PrefixHeader.pch */,
			);
			name = "Supporting Files";
			sourceTree = "<group>";
		};
		4FC783011E645F0A00064B12 /* Resources */ = {
			isa = PBXGroup;
			children = (
				4FC783021E645F2300064B12 /* Chat.xcassets */,
				4FC783031E645F2300064B12 /* Common.xcassets */,
				4FC783041E645F2300064B12 /* Conversation.xcassets */,
				4FC783051E645F2300064B12 /* Discover.xcassets */,
				4FC783061E645F2300064B12 /* Friends.xcassets */,
				4FC783071E645F2300064B12 /* Launch.xcassets */,
				4FC783081E645F2300064B12 /* Mine.xcassets */,
			);
			path = Resources;
			sourceTree = "<group>";
		};
		4FC783121E64641300064B12 /* Src */ = {
			isa = PBXGroup;
			children = (
				4FC783131E64644A00064B12 /* YQTabBarController.h */,
				4FC783141E64644A00064B12 /* YQTabBarController.m */,
				4FC7831D1E64675C00064B12 /* YQRootViewController.h */,
				4FC7831E1E64675C00064B12 /* YQRootViewController.m */,
			);
			path = Src;
			sourceTree = "<group>";
		};
		4FC783161E6464B900064B12 /* Utilities */ = {
			isa = PBXGroup;
			children = (
				4FC783171E6464E400064B12 /* UIColor+YQWechat.h */,
				4FC783181E6464E400064B12 /* UIColor+YQWechat.m */,
			);
			path = Utilities;
			sourceTree = "<group>";
		};
		4FC7831A1E64657B00064B12 /* Config */ = {
			isa = PBXGroup;
			children = (
				4FC7831B1E64658F00064B12 /* YQMacros.h */,
			);
			path = Config;
			sourceTree = "<group>";
		};
		4FC783221E650E7700064B12 /* Frameworks */ = {
			isa = PBXGroup;
			children = (
			);
			path = Frameworks;
			sourceTree = "<group>";
		};
/* End PBXGroup section */

/* Begin PBXNativeTarget section */
		4FC782E21E64486000064B12 /* YQWechat */ = {
			isa = PBXNativeTarget;
			buildConfigurationList = 4FC782FA1E64486000064B12 /* Build configuration list for PBXNativeTarget "YQWechat" */;
			buildPhases = (
				4FC782DF1E64486000064B12 /* Sources */,
				4FC782E01E64486000064B12 /* Frameworks */,
				4FC782E11E64486000064B12 /* Resources */,
			);
			buildRules = (
			);
			dependencies = (
			);
			name = YQWechat;
			productName = YQWechat;
			productReference = 4FC782E31E64486000064B12 /* YQWechat.app */;
			productType = "com.apple.product-type.application";
		};
/* End PBXNativeTarget section */

/* Begin PBXProject section */
		4FC782DB1E64486000064B12 /* Project object */ = {
			isa = PBXProject;
			attributes = {
				LastUpgradeCheck = 0820;
				ORGANIZATIONNAME = Melody5417;
				TargetAttributes = {
					4FC782E21E64486000064B12 = {
						CreatedOnToolsVersion = 8.2.1;
						ProvisioningStyle = Automatic;
					};
				};
			};
			buildConfigurationList = 4FC782DE1E64486000064B12 /* Build configuration list for PBXProject "YQWechat" */;
			compatibilityVersion = "Xcode 3.2";
			developmentRegion = English;
			hasScannedForEncodings = 0;
			knownRegions = (
				en,
				Base,
			);
			mainGroup = 4FC782DA1E64486000064B12;
			productRefGroup = 4FC782E41E64486000064B12 /* Products */;
			projectDirPath = "";
			projectRoot = "";
			targets = (
				4FC782E21E64486000064B12 /* YQWechat */,
			);
		};
/* End PBXProject section */

/* Begin PBXResourcesBuildPhase section */
		4FC782E11E64486000064B12 /* Resources */ = {
			isa = PBXResourcesBuildPhase;
			buildActionMask = 2147483647;
			files = (
				4FC7830B1E645F2300064B12 /* Conversation.xcassets in Resources */,
				4FC7830C1E645F2300064B12 /* Discover.xcassets in Resources */,
				4FC7830F1E645F2300064B12 /* Mine.xcassets in Resources */,
				4FC783091E645F2300064B12 /* Chat.xcassets in Resources */,
				4FC7830E1E645F2300064B12 /* Launch.xcassets in Resources */,
				4FC7830A1E645F2300064B12 /* Common.xcassets in Resources */,
				4FC7830D1E645F2300064B12 /* Friends.xcassets in Resources */,
			);
			runOnlyForDeploymentPostprocessing = 0;
		};
/* End PBXResourcesBuildPhase section */

/* Begin PBXSourcesBuildPhase section */
		4FC782DF1E64486000064B12 /* Sources */ = {
			isa = PBXSourcesBuildPhase;
			buildActionMask = 2147483647;
			files = (
				4FC783151E64644A00064B12 /* YQTabBarController.m in Sources */,
				4FC782EB1E64486000064B12 /* AppDelegate.m in Sources */,
				4FC782E81E64486000064B12 /* main.m in Sources */,
				4FC7831F1E64675C00064B12 /* YQRootViewController.m in Sources */,
				4FC783191E6464E400064B12 /* UIColor+YQWechat.m in Sources */,
			);
			runOnlyForDeploymentPostprocessing = 0;
		};
/* End PBXSourcesBuildPhase section */

/* Begin XCBuildConfiguration section */
		4FC782F81E64486000064B12 /* Debug */ = {
			isa = XCBuildConfiguration;
			buildSettings = {
				ALWAYS_SEARCH_USER_PATHS = NO;
				CLANG_ANALYZER_NONNULL = YES;
				CLANG_CXX_LANGUAGE_STANDARD = "gnu++0x";
				CLANG_CXX_LIBRARY = "libc++";
				CLANG_ENABLE_MODULES = YES;
				CLANG_ENABLE_OBJC_ARC = YES;
				CLANG_WARN_BOOL_CONVERSION = YES;
				CLANG_WARN_CONSTANT_CONVERSION = YES;
				CLANG_WARN_DIRECT_OBJC_ISA_USAGE = YES_ERROR;
				CLANG_WARN_DOCUMENTATION_COMMENTS = YES;
				CLANG_WARN_EMPTY_BODY = YES;
				CLANG_WARN_ENUM_CONVERSION = YES;
				CLANG_WARN_INFINITE_RECURSION = YES;
				CLANG_WARN_INT_CONVERSION = YES;
				CLANG_WARN_OBJC_ROOT_CLASS = YES_ERROR;
				CLANG_WARN_SUSPICIOUS_MOVE = YES;
				CLANG_WARN_UNREACHABLE_CODE = YES;
				CLANG_WARN__DUPLICATE_METHOD_MATCH = YES;
				"CODE_SIGN_IDENTITY[sdk=iphoneos*]" = "iPhone Developer";
				COPY_PHASE_STRIP = NO;
				DEBUG_INFORMATION_FORMAT = dwarf;
				ENABLE_STRICT_OBJC_MSGSEND = YES;
				ENABLE_TESTABILITY = YES;
				GCC_C_LANGUAGE_STANDARD = gnu99;
				GCC_DYNAMIC_NO_PIC = NO;
				GCC_NO_COMMON_BLOCKS = YES;
				GCC_OPTIMIZATION_LEVEL = 0;
				GCC_PREPROCESSOR_DEFINITIONS = (
					"DEBUG=1",
					"$(inherited)",
				);
				GCC_WARN_64_TO_32_BIT_CONVERSION = YES;
				GCC_WARN_ABOUT_RETURN_TYPE = YES_ERROR;
				GCC_WARN_UNDECLARED_SELECTOR = YES;
				GCC_WARN_UNINITIALIZED_AUTOS = YES_AGGRESSIVE;
				GCC_WARN_UNUSED_FUNCTION = YES;
				GCC_WARN_UNUSED_VARIABLE = YES;
				IPHONEOS_DEPLOYMENT_TARGET = 10.2;
				MTL_ENABLE_DEBUG_INFO = YES;
				ONLY_ACTIVE_ARCH = YES;
				SDKROOT = iphoneos;
				TARGETED_DEVICE_FAMILY = "1,2";
			};
			name = Debug;
		};
		4FC782F91E64486000064B12 /* Release */ = {
			isa = XCBuildConfiguration;
			buildSettings = {
				ALWAYS_SEARCH_USER_PATHS = NO;
				CLANG_ANALYZER_NONNULL = YES;
				CLANG_CXX_LANGUAGE_STANDARD = "gnu++0x";
				CLANG_CXX_LIBRARY = "libc++";
				CLANG_ENABLE_MODULES = YES;
				CLANG_ENABLE_OBJC_ARC = YES;
				CLANG_WARN_BOOL_CONVERSION = YES;
				CLANG_WARN_CONSTANT_CONVERSION = YES;
				CLANG_WARN_DIRECT_OBJC_ISA_USAGE = YES_ERROR;
				CLANG_WARN_DOCUMENTATION_COMMENTS = YES;
				CLANG_WARN_EMPTY_BODY = YES;
				CLANG_WARN_ENUM_CONVERSION = YES;
				CLANG_WARN_INFINITE_RECURSION = YES;
				CLANG_WARN_INT_CONVERSION = YES;
				CLANG_WARN_OBJC_ROOT_CLASS = YES_ERROR;
				CLANG_WARN_SUSPICIOUS_MOVE = YES;
				CLANG_WARN_UNREACHABLE_CODE = YES;
				CLANG_WARN__DUPLICATE_METHOD_MATCH = YES;
				"CODE_SIGN_IDENTITY[sdk=iphoneos*]" = "iPhone Developer";
				COPY_PHASE_STRIP = NO;
				DEBUG_INFORMATION_FORMAT = "dwarf-with-dsym";
				ENABLE_NS_ASSERTIONS = NO;
				ENABLE_STRICT_OBJC_MSGSEND = YES;
				GCC_C_LANGUAGE_STANDARD = gnu99;
				GCC_NO_COMMON_BLOCKS = YES;
				GCC_WARN_64_TO_32_BIT_CONVERSION = YES;
				GCC_WARN_ABOUT_RETURN_TYPE = YES_ERROR;
				GCC_WARN_UNDECLARED_SELECTOR = YES;
				GCC_WARN_UNINITIALIZED_AUTOS = YES_AGGRESSIVE;
				GCC_WARN_UNUSED_FUNCTION = YES;
				GCC_WARN_UNUSED_VARIABLE = YES;
				IPHONEOS_DEPLOYMENT_TARGET = 10.2;
				MTL_ENABLE_DEBUG_INFO = NO;
				SDKROOT = iphoneos;
				TARGETED_DEVICE_FAMILY = "1,2";
				VALIDATE_PRODUCT = YES;
			};
			name = Release;
		};
		4FC782FB1E64486000064B12 /* Debug */ = {
			isa = XCBuildConfiguration;
			buildSettings = {
				ASSETCATALOG_COMPILER_APPICON_NAME = AppIcon;
				ASSETCATALOG_COMPILER_LAUNCHIMAGE_NAME = LaunchImage;
				GCC_PREFIX_HEADER = "$(SRCROOT)/YQWechat/PrefixHeader.pch";
				INFOPLIST_FILE = YQWechat/Info.plist;
				LD_RUNPATH_SEARCH_PATHS = "$(inherited) @executable_path/Frameworks";
				PRODUCT_BUNDLE_IDENTIFIER = com.Melody5417.YQWechat;
				PRODUCT_NAME = "$(TARGET_NAME)";
			};
			name = Debug;
		};
		4FC782FC1E64486000064B12 /* Release */ = {
			isa = XCBuildConfiguration;
			buildSettings = {
				ASSETCATALOG_COMPILER_APPICON_NAME = AppIcon;
				ASSETCATALOG_COMPILER_LAUNCHIMAGE_NAME = LaunchImage;
				GCC_PREFIX_HEADER = "$(SRCROOT)/YQWechat/PrefixHeader.pch";
				INFOPLIST_FILE = YQWechat/Info.plist;
				LD_RUNPATH_SEARCH_PATHS = "$(inherited) @executable_path/Frameworks";
				PRODUCT_BUNDLE_IDENTIFIER = com.Melody5417.YQWechat;
				PRODUCT_NAME = "$(TARGET_NAME)";
			};
			name = Release;
		};
/* End XCBuildConfiguration section */

/* Begin XCConfigurationList section */
		4FC782DE1E64486000064B12 /* Build configuration list for PBXProject "YQWechat" */ = {
			isa = XCConfigurationList;
			buildConfigurations = (
				4FC782F81E64486000064B12 /* Debug */,
				4FC782F91E64486000064B12 /* Release */,
			);
			defaultConfigurationIsVisible = 0;
			defaultConfigurationName = Release;
		};
		4FC782FA1E64486000064B12 /* Build configuration list for PBXNativeTarget "YQWechat" */ = {
			isa = XCConfigurationList;
			buildConfigurations = (
				4FC782FB1E64486000064B12 /* Debug */,
				4FC782FC1E64486000064B12 /* Release */,
			);
			defaultConfigurationIsVisible = 0;
			defaultConfigurationName = Release;
		};
/* End XCConfigurationList section */
	};
	rootObject = 4FC782DB1E64486000064B12 /* Project object */;
}
